
Microsoft Visual Studio Solution File, Format Version 12.00
# Visual Studio Version 17
VisualStudioVersion = 17.5.33627.172
MinimumVisualStudioVersion = 10.0.40219.1
Project("{FAE04EC0-301F-11D3-BF4B-00C04F79EFBC}") = "ConsoleApp1", "ConsoleApp1\ConsoleApp1.csproj", "{993DFF65-3101-4C0F-9231-AEF3479CBB7F}"
EndProject
Global
	GlobalSection(SolutionConfigurationPlatforms) = preSolution
		Debug|Any CPU = Debug|Any CPU
		Release|Any CPU = Release|Any CPU
	EndGlobalSection
	GlobalSection(ProjectConfigurationPlatforms) = postSolution
		{993DFF65-3101-4C0F-9231-AEF3479CBB7F}.Debug|Any CPU.ActiveCfg = Debug|Any CPU
		{993DFF65-3101-4C0F-9231-AEF3479CBB7F}.Debug|Any CPU.Build.0 = Debug|Any CPU
		{993DFF65-3101-4C0F-9231-AEF3479CBB7F}.Release|Any CPU.ActiveCfg = Release|Any CPU
		{993DFF65-3101-4C0F-9231-AEF3479CBB7F}.Release|Any CPU.Build.0 = Release|Any CPU
	EndGlobalSection
	GlobalSection(SolutionProperties) = preSolution
		HideSolutionNode = FALSE
	EndGlobalSection
	GlobalSection(ExtensibilityGlobals) = postSolution
		SolutionGuid = {6B39B372-E4E1-4780-AC53-C06656B3DBC4}
	EndGlobalSection
EndGlobal
